// !$*UTF8*$!
{
	archiveVersion = 1;
	classes = {
	};
	objectVersion = 50;
	objects = {

/* Begin PBXBuildFile section */
		6318043E223FDE1700611BB7 /* Places.plist in Resources */ = {isa = PBXBuildFile; fileRef = 6318043D223FDE1700611BB7 /* Places.plist */; };
		63180440224013CB00611BB7 /* TabBarViewController.swift in Sources */ = {isa = PBXBuildFile; fileRef = 6318043F224013CB00611BB7 /* TabBarViewController.swift */; };
		631804422240176E00611BB7 /* SyncViewController.swift in Sources */ = {isa = PBXBuildFile; fileRef = 631804412240176E00611BB7 /* SyncViewController.swift */; };
		6318044422402F4C00611BB7 /* VitalsViewController.swift in Sources */ = {isa = PBXBuildFile; fileRef = 6318044322402F4C00611BB7 /* VitalsViewController.swift */; };
		63BF229F22406CD000804460 /* CommandCenterViewController.swift in Sources */ = {isa = PBXBuildFile; fileRef = 63BF229E22406CD000804460 /* CommandCenterViewController.swift */; };
		63BF22A222407A6000804460 /* CocTableViewCell.swift in Sources */ = {isa = PBXBuildFile; fileRef = 63BF22A122407A6000804460 /* CocTableViewCell.swift */; };
		63ED20862204BA57003005BA /* AppDelegate.swift in Sources */ = {isa = PBXBuildFile; fileRef = 63ED20852204BA57003005BA /* AppDelegate.swift */; };
		63ED20882204BA57003005BA /* MapViewController.swift in Sources */ = {isa = PBXBuildFile; fileRef = 63ED20872204BA57003005BA /* MapViewController.swift */; };
		63ED208B2204BA57003005BA /* Main.storyboard in Resources */ = {isa = PBXBuildFile; fileRef = 63ED20892204BA57003005BA /* Main.storyboard */; };
		63ED208E2204BA57003005BA /* iScout.xcdatamodeld in Sources */ = {isa = PBXBuildFile; fileRef = 63ED208C2204BA57003005BA /* iScout.xcdatamodeld */; };
		63ED20902204BA59003005BA /* Assets.xcassets in Resources */ = {isa = PBXBuildFile; fileRef = 63ED208F2204BA59003005BA /* Assets.xcassets */; };
		63ED20932204BA59003005BA /* LaunchScreen.storyboard in Resources */ = {isa = PBXBuildFile; fileRef = 63ED20912204BA59003005BA /* LaunchScreen.storyboard */; };
		63ED209E2204BA59003005BA /* iScoutTests.swift in Sources */ = {isa = PBXBuildFile; fileRef = 63ED209D2204BA59003005BA /* iScoutTests.swift */; };
		63ED20A92204BA59003005BA /* iScoutUITests.swift in Sources */ = {isa = PBXBuildFile; fileRef = 63ED20A82204BA59003005BA /* iScoutUITests.swift */; };
		6E9D3D9F2252EDAA00DAA888 /* Lexington.swift in Sources */ = {isa = PBXBuildFile; fileRef = 6E9D3D9E2252EDAA00DAA888 /* Lexington.swift */; };
		6EC23D1022544CE7002B9C0F /* MapOverlay.swift in Sources */ = {isa = PBXBuildFile; fileRef = 6EC23D0F22544CE7002B9C0F /* MapOverlay.swift */; };
		6EC23D1222544D73002B9C0F /* MapOverlayView.swift in Sources */ = {isa = PBXBuildFile; fileRef = 6EC23D1122544D73002B9C0F /* MapOverlayView.swift */; };
/* End PBXBuildFile section */

/* Begin PBXContainerItemProxy section */
		63ED209A2204BA59003005BA /* PBXContainerItemProxy */ = {
			isa = PBXContainerItemProxy;
			containerPortal = 63ED207A2204BA57003005BA /* Project object */;
			proxyType = 1;
			remoteGlobalIDString = 63ED20812204BA57003005BA;
			remoteInfo = iScout;
		};
		63ED20A52204BA59003005BA /* PBXContainerItemProxy */ = {
			isa = PBXContainerItemProxy;
			containerPortal = 63ED207A2204BA57003005BA /* Project object */;
			proxyType = 1;
			remoteGlobalIDString = 63ED20812204BA57003005BA;
			remoteInfo = iScout;
		};
/* End PBXContainerItemProxy section */

/* Begin PBXFileReference section */
		6318043D223FDE1700611BB7 /* Places.plist */ = {isa = PBXFileReference; lastKnownFileType = text.plist.xml; path = Places.plist; sourceTree = "<group>"; };
		6318043F224013CB00611BB7 /* TabBarViewController.swift */ = {isa = PBXFileReference; lastKnownFileType = sourcecode.swift; path = TabBarViewController.swift; sourceTree = "<group>"; };
		631804412240176E00611BB7 /* SyncViewController.swift */ = {isa = PBXFileReference; lastKnownFileType = sourcecode.swift; path = SyncViewController.swift; sourceTree = "<group>"; };
		6318044322402F4C00611BB7 /* VitalsViewController.swift */ = {isa = PBXFileReference; lastKnownFileType = sourcecode.swift; path = VitalsViewController.swift; sourceTree = "<group>"; };
		63BF229E22406CD000804460 /* CommandCenterViewController.swift */ = {isa = PBXFileReference; lastKnownFileType = sourcecode.swift; path = CommandCenterViewController.swift; sourceTree = "<group>"; };
		63BF22A122407A6000804460 /* CocTableViewCell.swift */ = {isa = PBXFileReference; lastKnownFileType = sourcecode.swift; path = CocTableViewCell.swift; sourceTree = "<group>"; };
		63ED20822204BA57003005BA /* iScout.app */ = {isa = PBXFileReference; explicitFileType = wrapper.application; includeInIndex = 0; path = iScout.app; sourceTree = BUILT_PRODUCTS_DIR; };
		63ED20852204BA57003005BA /* AppDelegate.swift */ = {isa = PBXFileReference; lastKnownFileType = sourcecode.swift; path = AppDelegate.swift; sourceTree = "<group>"; };
		63ED20872204BA57003005BA /* MapViewController.swift */ = {isa = PBXFileReference; lastKnownFileType = sourcecode.swift; path = MapViewController.swift; sourceTree = "<group>"; };
		63ED208A2204BA57003005BA /* Base */ = {isa = PBXFileReference; lastKnownFileType = file.storyboard; name = Base; path = Base.lproj/Main.storyboard; sourceTree = "<group>"; };
		63ED208D2204BA57003005BA /* iScout.xcdatamodel */ = {isa = PBXFileReference; lastKnownFileType = wrapper.xcdatamodel; path = iScout.xcdatamodel; sourceTree = "<group>"; };
		63ED208F2204BA59003005BA /* Assets.xcassets */ = {isa = PBXFileReference; lastKnownFileType = folder.assetcatalog; path = Assets.xcassets; sourceTree = "<group>"; };
		63ED20922204BA59003005BA /* Base */ = {isa = PBXFileReference; lastKnownFileType = file.storyboard; name = Base; path = Base.lproj/LaunchScreen.storyboard; sourceTree = "<group>"; };
		63ED20942204BA59003005BA /* Info.plist */ = {isa = PBXFileReference; lastKnownFileType = text.plist.xml; path = Info.plist; sourceTree = "<group>"; };
		63ED20992204BA59003005BA /* iScoutTests.xctest */ = {isa = PBXFileReference; explicitFileType = wrapper.cfbundle; includeInIndex = 0; path = iScoutTests.xctest; sourceTree = BUILT_PRODUCTS_DIR; };
		63ED209D2204BA59003005BA /* iScoutTests.swift */ = {isa = PBXFileReference; lastKnownFileType = sourcecode.swift; path = iScoutTests.swift; sourceTree = "<group>"; };
		63ED209F2204BA59003005BA /* Info.plist */ = {isa = PBXFileReference; lastKnownFileType = text.plist.xml; path = Info.plist; sourceTree = "<group>"; };
		63ED20A42204BA59003005BA /* iScoutUITests.xctest */ = {isa = PBXFileReference; explicitFileType = wrapper.cfbundle; includeInIndex = 0; path = iScoutUITests.xctest; sourceTree = BUILT_PRODUCTS_DIR; };
		63ED20A82204BA59003005BA /* iScoutUITests.swift */ = {isa = PBXFileReference; lastKnownFileType = sourcecode.swift; path = iScoutUITests.swift; sourceTree = "<group>"; };
		63ED20AA2204BA59003005BA /* Info.plist */ = {isa = PBXFileReference; lastKnownFileType = text.plist.xml; path = Info.plist; sourceTree = "<group>"; };
		6E9D3D9E2252EDAA00DAA888 /* Lexington.swift */ = {isa = PBXFileReference; lastKnownFileType = sourcecode.swift; path = Lexington.swift; sourceTree = "<group>"; };
		6EC23D0F22544CE7002B9C0F /* MapOverlay.swift */ = {isa = PBXFileReference; lastKnownFileType = sourcecode.swift; path = MapOverlay.swift; sourceTree = "<group>"; };
		6EC23D1122544D73002B9C0F /* MapOverlayView.swift */ = {isa = PBXFileReference; lastKnownFileType = sourcecode.swift; path = MapOverlayView.swift; sourceTree = "<group>"; };
/* End PBXFileReference section */

/* Begin PBXFrameworksBuildPhase section */
		63ED207F2204BA57003005BA /* Frameworks */ = {
			isa = PBXFrameworksBuildPhase;
			buildActionMask = 2147483647;
			files = (
			);
			runOnlyForDeploymentPostprocessing = 0;
		};
		63ED20962204BA59003005BA /* Frameworks */ = {
			isa = PBXFrameworksBuildPhase;
			buildActionMask = 2147483647;
			files = (
			);
			runOnlyForDeploymentPostprocessing = 0;
		};
		63ED20A12204BA59003005BA /* Frameworks */ = {
			isa = PBXFrameworksBuildPhase;
			buildActionMask = 2147483647;
			files = (
			);
			runOnlyForDeploymentPostprocessing = 0;
		};
/* End PBXFrameworksBuildPhase section */

/* Begin PBXGroup section */
		631804452240322400611BB7 /* GPSdata */ = {
			isa = PBXGroup;
			children = (
				6318043D223FDE1700611BB7 /* Places.plist */,
			);
			path = GPSdata;
			sourceTree = "<group>";
		};
		6318044A2240422400611BB7 /* ViewControllers */ = {
			isa = PBXGroup;
			children = (
				6318043F224013CB00611BB7 /* TabBarViewController.swift */,
				63BF229E22406CD000804460 /* CommandCenterViewController.swift */,
				63ED20872204BA57003005BA /* MapViewController.swift */,
				631804412240176E00611BB7 /* SyncViewController.swift */,
				6318044322402F4C00611BB7 /* VitalsViewController.swift */,
			);
			path = ViewControllers;
			sourceTree = "<group>";
		};
		63BF22A022407A4000804460 /* CustomCells */ = {
			isa = PBXGroup;
			children = (
				63BF22A122407A6000804460 /* CocTableViewCell.swift */,
			);
			path = CustomCells;
			sourceTree = "<group>";
		};
		63ED20792204BA57003005BA = {
			isa = PBXGroup;
			children = (
				63ED20842204BA57003005BA /* iScout */,
				63ED209C2204BA59003005BA /* iScoutTests */,
				63ED20A72204BA59003005BA /* iScoutUITests */,
				63ED20832204BA57003005BA /* Products */,
			);
			sourceTree = "<group>";
		};
		63ED20832204BA57003005BA /* Products */ = {
			isa = PBXGroup;
			children = (
				63ED20822204BA57003005BA /* iScout.app */,
				63ED20992204BA59003005BA /* iScoutTests.xctest */,
				63ED20A42204BA59003005BA /* iScoutUITests.xctest */,
			);
			name = Products;
			sourceTree = "<group>";
		};
		63ED20842204BA57003005BA /* iScout */ = {
			isa = PBXGroup;
			children = (
				6EC23D0E22544C9E002B9C0F /* Overlays */,
				6E9D3D9D2252ED8E00DAA888 /* Models */,
				63ED20852204BA57003005BA /* AppDelegate.swift */,
				631804452240322400611BB7 /* GPSdata */,
				63BF22A022407A4000804460 /* CustomCells */,
				6318044A2240422400611BB7 /* ViewControllers */,
				63ED208F2204BA59003005BA /* Assets.xcassets */,
				63ED20912204BA59003005BA /* LaunchScreen.storyboard */,
				63ED20892204BA57003005BA /* Main.storyboard */,
				63ED20942204BA59003005BA /* Info.plist */,
				63ED208C2204BA57003005BA /* iScout.xcdatamodeld */,
			);
			path = iScout;
			sourceTree = "<group>";
		};
		63ED209C2204BA59003005BA /* iScoutTests */ = {
			isa = PBXGroup;
			children = (
				63ED209D2204BA59003005BA /* iScoutTests.swift */,
				63ED209F2204BA59003005BA /* Info.plist */,
			);
			path = iScoutTests;
			sourceTree = "<group>";
		};
		63ED20A72204BA59003005BA /* iScoutUITests */ = {
			isa = PBXGroup;
			children = (
				63ED20A82204BA59003005BA /* iScoutUITests.swift */,
				63ED20AA2204BA59003005BA /* Info.plist */,
			);
			path = iScoutUITests;
			sourceTree = "<group>";
		};
		6E9D3D9D2252ED8E00DAA888 /* Models */ = {
			isa = PBXGroup;
			children = (
				6E9D3D9E2252EDAA00DAA888 /* Lexington.swift */,
			);
			path = Models;
			sourceTree = "<group>";
		};
		6EC23D0E22544C9E002B9C0F /* Overlays */ = {
			isa = PBXGroup;
			children = (
				6EC23D0F22544CE7002B9C0F /* MapOverlay.swift */,
				6EC23D1122544D73002B9C0F /* MapOverlayView.swift */,
			);
			path = Overlays;
			sourceTree = "<group>";
		};
/* End PBXGroup section */

/* Begin PBXNativeTarget section */
		63ED20812204BA57003005BA /* iScout */ = {
			isa = PBXNativeTarget;
			buildConfigurationList = 63ED20AD2204BA59003005BA /* Build configuration list for PBXNativeTarget "iScout" */;
			buildPhases = (
				63ED207E2204BA57003005BA /* Sources */,
				63ED207F2204BA57003005BA /* Frameworks */,
				63ED20802204BA57003005BA /* Resources */,
			);
			buildRules = (
			);
			dependencies = (
			);
			name = iScout;
			productName = iScout;
			productReference = 63ED20822204BA57003005BA /* iScout.app */;
			productType = "com.apple.product-type.application";
		};
		63ED20982204BA59003005BA /* iScoutTests */ = {
			isa = PBXNativeTarget;
			buildConfigurationList = 63ED20B02204BA59003005BA /* Build configuration list for PBXNativeTarget "iScoutTests" */;
			buildPhases = (
				63ED20952204BA59003005BA /* Sources */,
				63ED20962204BA59003005BA /* Frameworks */,
				63ED20972204BA59003005BA /* Resources */,
			);
			buildRules = (
			);
			dependencies = (
				63ED209B2204BA59003005BA /* PBXTargetDependency */,
			);
			name = iScoutTests;
			productName = iScoutTests;
			productReference = 63ED20992204BA59003005BA /* iScoutTests.xctest */;
			productType = "com.apple.product-type.bundle.unit-test";
		};
		63ED20A32204BA59003005BA /* iScoutUITests */ = {
			isa = PBXNativeTarget;
			buildConfigurationList = 63ED20B32204BA59003005BA /* Build configuration list for PBXNativeTarget "iScoutUITests" */;
			buildPhases = (
				63ED20A02204BA59003005BA /* Sources */,
				63ED20A12204BA59003005BA /* Frameworks */,
				63ED20A22204BA59003005BA /* Resources */,
			);
			buildRules = (
			);
			dependencies = (
				63ED20A62204BA59003005BA /* PBXTargetDependency */,
			);
			name = iScoutUITests;
			productName = iScoutUITests;
			productReference = 63ED20A42204BA59003005BA /* iScoutUITests.xctest */;
			productType = "com.apple.product-type.bundle.ui-testing";
		};
/* End PBXNativeTarget section */

/* Begin PBXProject section */
		63ED207A2204BA57003005BA /* Project object */ = {
			isa = PBXProject;
			attributes = {
				LastSwiftUpdateCheck = 1010;
				LastUpgradeCheck = 1010;
				ORGANIZATIONNAME = CDT;
				TargetAttributes = {
					63ED20812204BA57003005BA = {
						CreatedOnToolsVersion = 10.1;
						LastSwiftMigration = 1020;
					};
					63ED20982204BA59003005BA = {
						CreatedOnToolsVersion = 10.1;
						LastSwiftMigration = 1020;
						TestTargetID = 63ED20812204BA57003005BA;
					};
					63ED20A32204BA59003005BA = {
						CreatedOnToolsVersion = 10.1;
						LastSwiftMigration = 1020;
						TestTargetID = 63ED20812204BA57003005BA;
					};
				};
			};
			buildConfigurationList = 63ED207D2204BA57003005BA /* Build configuration list for PBXProject "iScout" */;
			compatibilityVersion = "Xcode 9.3";
			developmentRegion = en;
			hasScannedForEncodings = 0;
			knownRegions = (
				en,
				Base,
			);
			mainGroup = 63ED20792204BA57003005BA;
			productRefGroup = 63ED20832204BA57003005BA /* Products */;
			projectDirPath = "";
			projectRoot = "";
			targets = (
				63ED20812204BA57003005BA /* iScout */,
				63ED20982204BA59003005BA /* iScoutTests */,
				63ED20A32204BA59003005BA /* iScoutUITests */,
			);
		};
/* End PBXProject section */

/* Begin PBXResourcesBuildPhase section */
		63ED20802204BA57003005BA /* Resources */ = {
			isa = PBXResourcesBuildPhase;
			buildActionMask = 2147483647;
			files = (
				63ED20932204BA59003005BA /* LaunchScreen.storyboard in Resources */,
				63ED20902204BA59003005BA /* Assets.xcassets in Resources */,
				6318043E223FDE1700611BB7 /* Places.plist in Resources */,
				63ED208B2204BA57003005BA /* Main.storyboard in Resources */,
			);
			runOnlyForDeploymentPostprocessing = 0;
		};
		63ED20972204BA59003005BA /* Resources */ = {
			isa = PBXResourcesBuildPhase;
			buildActionMask = 2147483647;
			files = (
			);
			runOnlyForDeploymentPostprocessing = 0;
		};
		63ED20A22204BA59003005BA /* Resources */ = {
			isa = PBXResourcesBuildPhase;
			buildActionMask = 2147483647;
			files = (
			);
			runOnlyForDeploymentPostprocessing = 0;
		};
/* End PBXResourcesBuildPhase section */

/* Begin PBXSourcesBuildPhase section */
		63ED207E2204BA57003005BA /* Sources */ = {
			isa = PBXSourcesBuildPhase;
			buildActionMask = 2147483647;
			files = (
				63BF229F22406CD000804460 /* CommandCenterViewController.swift in Sources */,
				63180440224013CB00611BB7 /* TabBarViewController.swift in Sources */,
				63ED20882204BA57003005BA /* MapViewController.swift in Sources */,
				63ED20862204BA57003005BA /* AppDelegate.swift in Sources */,
				6E9D3D9F2252EDAA00DAA888 /* Lexington.swift in Sources */,
				6EC23D1222544D73002B9C0F /* MapOverlayView.swift in Sources */,
				63ED208E2204BA57003005BA /* iScout.xcdatamodeld in Sources */,
				63BF22A222407A6000804460 /* CocTableViewCell.swift in Sources */,
				631804422240176E00611BB7 /* SyncViewController.swift in Sources */,
				6318044422402F4C00611BB7 /* VitalsViewController.swift in Sources */,
				6EC23D1022544CE7002B9C0F /* MapOverlay.swift in Sources */,
			);
			runOnlyForDeploymentPostprocessing = 0;
		};
		63ED20952204BA59003005BA /* Sources */ = {
			isa = PBXSourcesBuildPhase;
			buildActionMask = 2147483647;
			files = (
				63ED209E2204BA59003005BA /* iScoutTests.swift in Sources */,
			);
			runOnlyForDeploymentPostprocessing = 0;
		};
		63ED20A02204BA59003005BA /* Sources */ = {
			isa = PBXSourcesBuildPhase;
			buildActionMask = 2147483647;
			files = (
				63ED20A92204BA59003005BA /* iScoutUITests.swift in Sources */,
			);
			runOnlyForDeploymentPostprocessing = 0;
		};
/* End PBXSourcesBuildPhase section */

/* Begin PBXTargetDependency section */
		63ED209B2204BA59003005BA /* PBXTargetDependency */ = {
			isa = PBXTargetDependency;
			target = 63ED20812204BA57003005BA /* iScout */;
			targetProxy = 63ED209A2204BA59003005BA /* PBXContainerItemProxy */;
		};
		63ED20A62204BA59003005BA /* PBXTargetDependency */ = {
			isa = PBXTargetDependency;
			target = 63ED20812204BA57003005BA /* iScout */;
			targetProxy = 63ED20A52204BA59003005BA /* PBXContainerItemProxy */;
		};
/* End PBXTargetDependency section */

/* Begin PBXVariantGroup section */
		63ED20892204BA57003005BA /* Main.storyboard */ = {
			isa = PBXVariantGroup;
			children = (
				63ED208A2204BA57003005BA /* Base */,
			);
			name = Main.storyboard;
			sourceTree = "<group>";
		};
		63ED20912204BA59003005BA /* LaunchScreen.storyboard */ = {
			isa = PBXVariantGroup;
			children = (
				63ED20922204BA59003005BA /* Base */,
			);
			name = LaunchScreen.storyboard;
			sourceTree = "<group>";
		};
/* End PBXVariantGroup section */

/* Begin XCBuildConfiguration section */
		63ED20AB2204BA59003005BA /* Debug */ = {
			isa = XCBuildConfiguration;
			buildSettings = {
				ALWAYS_SEARCH_USER_PATHS = NO;
				CLANG_ANALYZER_NONNULL = YES;
				CLANG_ANALYZER_NUMBER_OBJECT_CONVERSION = YES_AGGRESSIVE;
				CLANG_CXX_LANGUAGE_STANDARD = "gnu++14";
				CLANG_CXX_LIBRARY = "libc++";
				CLANG_ENABLE_MODULES = YES;
				CLANG_ENABLE_OBJC_ARC = YES;
				CLANG_ENABLE_OBJC_WEAK = YES;
				CLANG_WARN_BLOCK_CAPTURE_AUTORELEASING = YES;
				CLANG_WARN_BOOL_CONVERSION = YES;
				CLANG_WARN_COMMA = YES;
				CLANG_WARN_CONSTANT_CONVERSION = YES;
				CLANG_WARN_DEPRECATED_OBJC_IMPLEMENTATIONS = YES;
				CLANG_WARN_DIRECT_OBJC_ISA_USAGE = YES_ERROR;
				CLANG_WARN_DOCUMENTATION_COMMENTS = YES;
				CLANG_WARN_EMPTY_BODY = YES;
				CLANG_WARN_ENUM_CONVERSION = YES;
				CLANG_WARN_INFINITE_RECURSION = YES;
				CLANG_WARN_INT_CONVERSION = YES;
				CLANG_WARN_NON_LITERAL_NULL_CONVERSION = YES;
				CLANG_WARN_OBJC_IMPLICIT_RETAIN_SELF = YES;
				CLANG_WARN_OBJC_LITERAL_CONVERSION = YES;
				CLANG_WARN_OBJC_ROOT_CLASS = YES_ERROR;
				CLANG_WARN_RANGE_LOOP_ANALYSIS = YES;
				CLANG_WARN_STRICT_PROTOTYPES = YES;
				CLANG_WARN_SUSPICIOUS_MOVE = YES;
				CLANG_WARN_UNGUARDED_AVAILABILITY = YES_AGGRESSIVE;
				CLANG_WARN_UNREACHABLE_CODE = YES;
				CLANG_WARN__DUPLICATE_METHOD_MATCH = YES;
				CODE_SIGN_IDENTITY = "iPhone Developer";
				COPY_PHASE_STRIP = NO;
				DEBUG_INFORMATION_FORMAT = dwarf;
				ENABLE_STRICT_OBJC_MSGSEND = YES;
				ENABLE_TESTABILITY = YES;
				GCC_C_LANGUAGE_STANDARD = gnu11;
				GCC_DYNAMIC_NO_PIC = NO;
				GCC_NO_COMMON_BLOCKS = YES;
				GCC_OPTIMIZATION_LEVEL = 0;
				GCC_PREPROCESSOR_DEFINITIONS = (
					"DEBUG=1",
					"$(inherited)",
				);
				GCC_WARN_64_TO_32_BIT_CONVERSION = YES;
				GCC_WARN_ABOUT_RETURN_TYPE = YES_ERROR;
				GCC_WARN_UNDECLARED_SELECTOR = YES;
				GCC_WARN_UNINITIALIZED_AUTOS = YES_AGGRESSIVE;
				GCC_WARN_UNUSED_FUNCTION = YES;
				GCC_WARN_UNUSED_VARIABLE = YES;
				IPHONEOS_DEPLOYMENT_TARGET = 12.1;
				MTL_ENABLE_DEBUG_INFO = INCLUDE_SOURCE;
				MTL_FAST_MATH = YES;
				ONLY_ACTIVE_ARCH = YES;
				SDKROOT = iphoneos;
				SWIFT_ACTIVE_COMPILATION_CONDITIONS = DEBUG;
				SWIFT_OPTIMIZATION_LEVEL = "-Onone";
			};
			name = Debug;
		};
		63ED20AC2204BA59003005BA /* Release */ = {
			isa = XCBuildConfiguration;
			buildSettings = {
				ALWAYS_SEARCH_USER_PATHS = NO;
				CLANG_ANALYZER_NONNULL = YES;
				CLANG_ANALYZER_NUMBER_OBJECT_CONVERSION = YES_AGGRESSIVE;
				CLANG_CXX_LANGUAGE_STANDARD = "gnu++14";
				CLANG_CXX_LIBRARY = "libc++";
				CLANG_ENABLE_MODULES = YES;
				CLANG_ENABLE_OBJC_ARC = YES;
				CLANG_ENABLE_OBJC_WEAK = YES;
				CLANG_WARN_BLOCK_CAPTURE_AUTORELEASING = YES;
				CLANG_WARN_BOOL_CONVERSION = YES;
				CLANG_WARN_COMMA = YES;
				CLANG_WARN_CONSTANT_CONVERSION = YES;
				CLANG_WARN_DEPRECATED_OBJC_IMPLEMENTATIONS = YES;
				CLANG_WARN_DIRECT_OBJC_ISA_USAGE = YES_ERROR;
				CLANG_WARN_DOCUMENTATION_COMMENTS = YES;
				CLANG_WARN_EMPTY_BODY = YES;
				CLANG_WARN_ENUM_CONVERSION = YES;
				CLANG_WARN_INFINITE_RECURSION = YES;
				CLANG_WARN_INT_CONVERSION = YES;
				CLANG_WARN_NON_LITERAL_NULL_CONVERSION = YES;
				CLANG_WARN_OBJC_IMPLICIT_RETAIN_SELF = YES;
				CLANG_WARN_OBJC_LITERAL_CONVERSION = YES;
				CLANG_WARN_OBJC_ROOT_CLASS = YES_ERROR;
				CLANG_WARN_RANGE_LOOP_ANALYSIS = YES;
				CLANG_WARN_STRICT_PROTOTYPES = YES;
				CLANG_WARN_SUSPICIOUS_MOVE = YES;
				CLANG_WARN_UNGUARDED_AVAILABILITY = YES_AGGRESSIVE;
				CLANG_WARN_UNREACHABLE_CODE = YES;
				CLANG_WARN__DUPLICATE_METHOD_MATCH = YES;
				CODE_SIGN_IDENTITY = "iPhone Developer";
				COPY_PHASE_STRIP = NO;
				DEBUG_INFORMATION_FORMAT = "dwarf-with-dsym";
				ENABLE_NS_ASSERTIONS = NO;
				ENABLE_STRICT_OBJC_MSGSEND = YES;
				GCC_C_LANGUAGE_STANDARD = gnu11;
				GCC_NO_COMMON_BLOCKS = YES;
				GCC_WARN_64_TO_32_BIT_CONVERSION = YES;
				GCC_WARN_ABOUT_RETURN_TYPE = YES_ERROR;
				GCC_WARN_UNDECLARED_SELECTOR = YES;
				GCC_WARN_UNINITIALIZED_AUTOS = YES_AGGRESSIVE;
				GCC_WARN_UNUSED_FUNCTION = YES;
				GCC_WARN_UNUSED_VARIABLE = YES;
				IPHONEOS_DEPLOYMENT_TARGET = 12.1;
				MTL_ENABLE_DEBUG_INFO = NO;
				MTL_FAST_MATH = YES;
				SDKROOT = iphoneos;
				SWIFT_COMPILATION_MODE = wholemodule;
				SWIFT_OPTIMIZATION_LEVEL = "-O";
				VALIDATE_PRODUCT = YES;
			};
			name = Release;
		};
		63ED20AE2204BA59003005BA /* Debug */ = {
			isa = XCBuildConfiguration;
			buildSettings = {
				ASSETCATALOG_COMPILER_APPICON_NAME = AppIcon;
				CODE_SIGN_STYLE = Automatic;
				DEVELOPMENT_TEAM = HCN9AC5X94;
				INFOPLIST_FILE = iScout/Info.plist;
				LD_RUNPATH_SEARCH_PATHS = (
					"$(inherited)",
					"@executable_path/Frameworks",
				);
				PRODUCT_BUNDLE_IDENTIFIER = Calling.iScout1234;
				PRODUCT_NAME = "$(TARGET_NAME)";
				SWIFT_VERSION = 5.0;
				TARGETED_DEVICE_FAMILY = "1,2";
			};
			name = Debug;
		};
		63ED20AF2204BA59003005BA /* Release */ = {
			isa = XCBuildConfiguration;
			buildSettings = {
				ASSETCATALOG_COMPILER_APPICON_NAME = AppIcon;
				CODE_SIGN_STYLE = Automatic;
				DEVELOPMENT_TEAM = HCN9AC5X94;
				INFOPLIST_FILE = iScout/Info.plist;
				LD_RUNPATH_SEARCH_PATHS = (
					"$(inherited)",
					"@executable_path/Frameworks",
				);
				PRODUCT_BUNDLE_IDENTIFIER = Calling.iScout1234;
				PRODUCT_NAME = "$(TARGET_NAME)";
				SWIFT_VERSION = 5.0;
				TARGETED_DEVICE_FAMILY = "1,2";
			};
			name = Release;
		};
		63ED20B12204BA59003005BA /* Debug */ = {
			isa = XCBuildConfiguration;
			buildSettings = {
				ALWAYS_EMBED_SWIFT_STANDARD_LIBRARIES = YES;
				BUNDLE_LOADER = "$(TEST_HOST)";
				CODE_SIGN_STYLE = Automatic;
				INFOPLIST_FILE = iScoutTests/Info.plist;
				LD_RUNPATH_SEARCH_PATHS = (
					"$(inherited)",
					"@executable_path/Frameworks",
					"@loader_path/Frameworks",
				);
				PRODUCT_BUNDLE_IDENTIFIER = Calling.iScoutTests;
				PRODUCT_NAME = "$(TARGET_NAME)";
				SWIFT_VERSION = 5.0;
				TARGETED_DEVICE_FAMILY = "1,2";
				TEST_HOST = "$(BUILT_PRODUCTS_DIR)/iScout.app/iScout";
			};
			name = Debug;
		};
		63ED20B22204BA59003005BA /* Release */ = {
			isa = XCBuildConfiguration;
			buildSettings = {
				ALWAYS_EMBED_SWIFT_STANDARD_LIBRARIES = YES;
				BUNDLE_LOADER = "$(TEST_HOST)";
				CODE_SIGN_STYLE = Automatic;
				INFOPLIST_FILE = iScoutTests/Info.plist;
				LD_RUNPATH_SEARCH_PATHS = (
					"$(inherited)",
					"@executable_path/Frameworks",
					"@loader_path/Frameworks",
				);
				PRODUCT_BUNDLE_IDENTIFIER = Calling.iScoutTests;
				PRODUCT_NAME = "$(TARGET_NAME)";
				SWIFT_VERSION = 5.0;
				TARGETED_DEVICE_FAMILY = "1,2";
				TEST_HOST = "$(BUILT_PRODUCTS_DIR)/iScout.app/iScout";
			};
			name = Release;
		};
		63ED20B42204BA59003005BA /* Debug */ = {
			isa = XCBuildConfiguration;
			buildSettings = {
				ALWAYS_EMBED_SWIFT_STANDARD_LIBRARIES = YES;
				CODE_SIGN_STYLE = Automatic;
				INFOPLIST_FILE = iScoutUITests/Info.plist;
				LD_RUNPATH_SEARCH_PATHS = (
					"$(inherited)",
					"@executable_path/Frameworks",
					"@loader_path/Frameworks",
				);
				PRODUCT_BUNDLE_IDENTIFIER = Calling.iScoutUITests;
				PRODUCT_NAME = "$(TARGET_NAME)";
				SWIFT_VERSION = 5.0;
				TARGETED_DEVICE_FAMILY = "1,2";
				TEST_TARGET_NAME = iScout;
			};
			name = Debug;
		};
		63ED20B52204BA59003005BA /* Release */ = {
			isa = XCBuildConfiguration;
			buildSettings = {
				ALWAYS_EMBED_SWIFT_STANDARD_LIBRARIES = YES;
				CODE_SIGN_STYLE = Automatic;
				INFOPLIST_FILE = iScoutUITests/Info.plist;
				LD_RUNPATH_SEARCH_PATHS = (
					"$(inherited)",
					"@executable_path/Frameworks",
					"@loader_path/Frameworks",
				);
				PRODUCT_BUNDLE_IDENTIFIER = Calling.iScoutUITests;
				PRODUCT_NAME = "$(TARGET_NAME)";
				SWIFT_VERSION = 5.0;
				TARGETED_DEVICE_FAMILY = "1,2";
				TEST_TARGET_NAME = iScout;
			};
			name = Release;
		};
/* End XCBuildConfiguration section */

/* Begin XCConfigurationList section */
		63ED207D2204BA57003005BA /* Build configuration list for PBXProject "iScout" */ = {
			isa = XCConfigurationList;
			buildConfigurations = (
				63ED20AB2204BA59003005BA /* Debug */,
				63ED20AC2204BA59003005BA /* Release */,
			);
			defaultConfigurationIsVisible = 0;
			defaultConfigurationName = Release;
		};
		63ED20AD2204BA59003005BA /* Build configuration list for PBXNativeTarget "iScout" */ = {
			isa = XCConfigurationList;
			buildConfigurations = (
				63ED20AE2204BA59003005BA /* Debug */,
				63ED20AF2204BA59003005BA /* Release */,
			);
			defaultConfigurationIsVisible = 0;
			defaultConfigurationName = Release;
		};
		63ED20B02204BA59003005BA /* Build configuration list for PBXNativeTarget "iScoutTests" */ = {
			isa = XCConfigurationList;
			buildConfigurations = (
				63ED20B12204BA59003005BA /* Debug */,
				63ED20B22204BA59003005BA /* Release */,
			);
			defaultConfigurationIsVisible = 0;
			defaultConfigurationName = Release;
		};
		63ED20B32204BA59003005BA /* Build configuration list for PBXNativeTarget "iScoutUITests" */ = {
			isa = XCConfigurationList;
			buildConfigurations = (
				63ED20B42204BA59003005BA /* Debug */,
				63ED20B52204BA59003005BA /* Release */,
			);
			defaultConfigurationIsVisible = 0;
			defaultConfigurationName = Release;
		};
/* End XCConfigurationList section */

/* Begin XCVersionGroup section */
		63ED208C2204BA57003005BA /* iScout.xcdatamodeld */ = {
			isa = XCVersionGroup;
			children = (
				63ED208D2204BA57003005BA /* iScout.xcdatamodel */,
			);
			currentVersion = 63ED208D2204BA57003005BA /* iScout.xcdatamodel */;
			path = iScout.xcdatamodeld;
			sourceTree = "<group>";
			versionGroupType = wrapper.xcdatamodel;
		};
/* End XCVersionGroup section */
	};
	rootObject = 63ED207A2204BA57003005BA /* Project object */;
}
